
Microsoft Visual Studio Solution File, Format Version 12.00
# Visual Studio Version 16
VisualStudioVersion = 16.0.31321.278
MinimumVisualStudioVersion = 10.0.40219.1
Project("{9A19103F-16F7-4668-BE54-9A1E7A4F7556}") = "TestProjectV1", "TestProjectV1\TestProjectV1.csproj", "{8630378A-831B-4CD1-A9B4-BFE0310AA255}"
EndProject
Project("{9A19103F-16F7-4668-BE54-9A1E7A4F7556}") = "CalculatorProject", "Calculator\CalculatorProject.csproj", "{FD80594E-20F9-4D54-99BB-3233ED1B19C6}"
EndProject
Global
	GlobalSection(SolutionConfigurationPlatforms) = preSolution
		Debug|Any CPU = Debug|Any CPU
		Release|Any CPU = Release|Any CPU
	EndGlobalSection
	GlobalSection(ProjectConfigurationPlatforms) = postSolution
		{8630378A-831B-4CD1-A9B4-BFE0310AA255}.Debug|Any CPU.ActiveCfg = Debug|Any CPU
		{8630378A-831B-4CD1-A9B4-BFE0310AA255}.Debug|Any CPU.Build.0 = Debug|Any CPU
		{8630378A-831B-4CD1-A9B4-BFE0310AA255}.Release|Any CPU.ActiveCfg = Release|Any CPU
		{8630378A-831B-4CD1-A9B4-BFE0310AA255}.Release|Any CPU.Build.0 = Release|Any CPU
		{FD80594E-20F9-4D54-99BB-3233ED1B19C6}.Debug|Any CPU.ActiveCfg = Debug|Any CPU
		{FD80594E-20F9-4D54-99BB-3233ED1B19C6}.Debug|Any CPU.Build.0 = Debug|Any CPU
		{FD80594E-20F9-4D54-99BB-3233ED1B19C6}.Release|Any CPU.ActiveCfg = Release|Any CPU
		{FD80594E-20F9-4D54-99BB-3233ED1B19C6}.Release|Any CPU.Build.0 = Release|Any CPU
	EndGlobalSection
	GlobalSection(SolutionProperties) = preSolution
		HideSolutionNode = FALSE
	EndGlobalSection
	GlobalSection(ExtensibilityGlobals) = postSolution
		SolutionGuid = {59BA3391-C922-496D-B451-D2CA75C8A2EA}
	EndGlobalSection
EndGlobal
